{
  "version": 1,
  "dependencies": {
    "net10.0": {
      "Microsoft.AspNetCore.App.Internal.Assets": {
        "type": "Direct",
        "requested": "[10.0.11, )",
        "resolved": "10.0.11",
        "contentHash": "tYYYBZsuF2DSz1I3hcfB8qC4nNekIKufkYZOJ2R28fNK3PkS7fJao/mIX5H84NH94UACZQ4dhvt8GDlkrJFwLg=="
      },
      "OpenTelemetry.Exporter.OpenTelemetryProtocol": {
        "type": "Direct",
        "requested": "[1.18.0, )",
        "resolved": "1.18.0",
        "contentHash": "Et3WAviooKGObZjUZN8d6eTsdJs1YM3ZoN+KlWSAHksTmHG1nyGi9XGo2wb0fkFMWK0g80FOPdR1njg52Dm+aw==",
        "dependencies": {
          "OpenTelemetry": "1.18.0"
        }
      },
      "OpenTelemetry.Extensions.Hosting": {
        "type": "Direct",
        "requested": "[1.18.0, )",
        "resolved": "1.18.0",
        "contentHash": "u+JMA82H65MKwMvd2qUpL8C2qE4Jux2nvX9hmy036UK/Apv2YyIRYCttF/vlX6nMPcAKI8BXkscmL4QG3C69fw==",
        "dependencies": {
          "OpenTelemetry": "1.18.0"
        }
      },
      "OpenTelemetry.Instrumentation.AspNetCore": {
        "type": "Direct",
        "requested": "[1.18.0, )",
        "resolved": "1.18.0",
        "contentHash": "hBiMXE/CGIAHUOpi0gScNkjHB0L9XbCin5lZObL+dMBl4OmpndnHgxP3JZDnnGtU6qOzdeh8TYUV9f6Jgmmhlw==",
        "dependencies": {
          "OpenTelemetry.Api.ProviderBuilderExtensions": "[1.18.0, 2.0.0)"
        }
      },
      "OpenTelemetry.Instrumentation.Http": {
        "type": "Direct",
        "requested": "[1.18.0, )",
        "resolved": "1.18.0",
        "contentHash": "/X57peOOa4a+9V4DSVXbuIWdsAxmU5gsxw8lu+gJU0zuewsYhC9f6qdm8GEW0VvqG9e+gxn0HdVR5G3YHcWDTw==",
        "dependencies": {
          "OpenTelemetry.Api.ProviderBuilderExtensions": "[1.18.0, 2.0.0)"
        }
      },
      "Honua.Sdk.Abstractions": {
        "type": "Transitive",
        "resolved": "1.6.0",
        "contentHash": "vKKxNRwQo7lsMvqlrUZonKjn29nIrcYd3erNuNCHkT0RmGq9Dpr9Y9NgVYLkUeV2nrEK5VBFdE8yRuePlIKwhg=="
      },
      "Honua.Sdk.Studio": {
        "type": "Transitive",
        "resolved": "1.6.0",
        "contentHash": "OYkz3osXOFK2kxV7Fa0aUbMXYjSJFxm25nGcrOsRBa9S+aol6+bxtraoRQDiZeqBre7X8OMcElilfS1vLRioFw==",
        "dependencies": {
          "Honua.Sdk.Abstractions": "1.6.0",
          "Microsoft.Extensions.Http.Resilience": "10.5.0"
        }
      },
      "Microsoft.AspNetCore.Http.Connections.Client": {
        "type": "Transitive",
        "resolved": "10.0.11",
        "contentHash": "dib9kKN5aiTDGW8ecYDnJi4Zkqgy6CPf7/K26eO5le2XNDuvWVysx/4hNtteoLFvwrrqhiNZ/l+4AYcXzjtYwQ=="
      },
      "Microsoft.AspNetCore.SignalR.Client": {
        "type": "Transitive",
        "resolved": "10.0.11",
        "contentHash": "axdL5Zyv3wGD9rKOOBOOzO2jmsebEI3+7Hjfwpd33SZLea6W/72Gt9LbynGdVkPFESg3bybP7KD0SO5Q7K66Rw==",
        "dependencies": {
          "Microsoft.AspNetCore.Http.Connections.Client": "10.0.11",
          "Microsoft.AspNetCore.SignalR.Client.Core": "10.0.11"
        }
      },
      "Microsoft.AspNetCore.SignalR.Client.Core": {
        "type": "Transitive",
        "resolved": "10.0.11",
        "contentHash": "eaT/epxfM+o9hsqaU87BnrhENi72KeS0XYDBsAbPM8ZBdVlDh6CZ2n04MB3PZ1cSK8SnQUUxep4OgEkDOh8N3Q=="
      },
      "Microsoft.Extensions.AmbientMetadata.Application": {
        "type": "Transitive",
        "resolved": "10.5.0",
        "contentHash": "lCJjEDknSYeTXB133DwLNwXYA6q9nzJiJFjQb1KO1n3sS6wHfROm6zqG6y3UthQP5oPnNbE1a7M15LpjSf5yBg=="
      },
      "Microsoft.Extensions.Compliance.Abstractions": {
        "type": "Transitive",
        "resolved": "10.5.0",
        "contentHash": "xbWZji13Vb2jDJNtwVrKpI09jd8x3n3fL+GzhiLK+8O5Wc2A+GyqCZalST2fV46Pf0QfCwkXf83y+3/rDkCd7A=="
      },
      "Microsoft.Extensions.DependencyInjection.AutoActivation": {
        "type": "Transitive",
        "resolved": "10.5.0",
        "contentHash": "vby/PzPScy9pX3r3f5UuHutxSr4Q8SXqyIiH6+JEK7SVpTCL6f8R9mp04OUVsZLlsME2rBjA9PHXf9L9aG7wbg=="
      },
      "Microsoft.Extensions.Diagnostics.ExceptionSummarization": {
        "type": "Transitive",
        "resolved": "10.5.0",
        "contentHash": "+jdC9YUfMkX9/Yb3Pi8Kovt1nFVGGB2UqSHZgLapo63d+WAhYf9KiuNA3jiaaRINhVyCgWuKFoMtjWKET5oXEQ=="
      },
      "Microsoft.Extensions.Http.Diagnostics": {
        "type": "Transitive",
        "resolved": "10.5.0",
        "contentHash": "HoWdJKvBt7vkLlclRbjDTXcCp3s9hwFf1CY4ovlmMKFAbKSI7zKl0fUQ4LMvUI3sHIhpEtMjp7Mxjaf/yEmVvQ==",
        "dependencies": {
          "Microsoft.Extensions.Telemetry": "10.5.0"
        }
      },
      "Microsoft.Extensions.Http.Resilience": {
        "type": "Transitive",
        "resolved": "10.5.0",
        "contentHash": "81rw+wjFFP5jREOERb1PHIPvBNFtE6NXO8bsLTSCET2UZWxj7cwrpzcI3l07tOpHEprYmruZAF3kZEar7uG4Iw==",
        "dependencies": {
          "Microsoft.Extensions.Http.Diagnostics": "10.5.0",
          "Microsoft.Extensions.Resilience": "10.5.0"
        }
      },
      "Microsoft.Extensions.Resilience": {
        "type": "Transitive",
        "resolved": "10.5.0",
        "contentHash": "yjbGQkSqLkP8/lKZLfaUcdkNUpWUqMafCsm56kw9uzznhJb/uJiIRy5/zG9D0SFsBzJkz2AcvWU2J/MJydPxoA==",
        "dependencies": {
          "Microsoft.Extensions.Diagnostics.ExceptionSummarization": "10.5.0",
          "Microsoft.Extensions.Telemetry.Abstractions": "10.5.0",
          "Polly.Extensions": "8.4.2",
          "Polly.RateLimiting": "8.4.2"
        }
      },
      "Microsoft.Extensions.Telemetry": {
        "type": "Transitive",
        "resolved": "10.5.0",
        "contentHash": "jI7b9rkfoz06ZEQols6WG3D0iQMIbtRDHkx1F7QvQOSDmzyXLwUIBbJEO8ftr7aD/2tvsHplqycp+WXFvMfujg==",
        "dependencies": {
          "Microsoft.Extensions.AmbientMetadata.Application": "10.5.0",
          "Microsoft.Extensions.DependencyInjection.AutoActivation": "10.5.0",
          "Microsoft.Extensions.Telemetry.Abstractions": "10.5.0"
        }
      },
      "Microsoft.Extensions.Telemetry.Abstractions": {
        "type": "Transitive",
        "resolved": "10.5.0",
        "contentHash": "VmU7e6xHqoubWKl7y9MtWyQAjlDpvbds3gY8ZKMS/1GxY2+U1/aMNnMj09aOXAa3p5qhHSSkBzDJvyokCjVkPg==",
        "dependencies": {
          "Microsoft.Extensions.Compliance.Abstractions": "10.5.0"
        }
      },
      "OpenTelemetry": {
        "type": "Transitive",
        "resolved": "1.18.0",
        "contentHash": "13AKxycK+olOLe061MjliPTNBR/DUkjyRr0b9zwUhKyMjFS8lXS7G31R85rkbM55up2YFmdykWdAw2giBDJpiQ==",
        "dependencies": {
          "OpenTelemetry.Api.ProviderBuilderExtensions": "1.18.0"
        }
      },
      "OpenTelemetry.Api": {
        "type": "Transitive",
        "resolved": "1.18.0",
        "contentHash": "Dhzm5oughIY9EWckt2J1yXcEbXpki5WCL2q7prJoYxzH6C7jdkfGtPMTkUVZZ4AhjJKzQnlC+kLSIlmIVwC4Vw=="
      },
      "OpenTelemetry.Api.ProviderBuilderExtensions": {
        "type": "Transitive",
        "resolved": "1.18.0",
        "contentHash": "io6A6PJFp3vIObRGf6oPjdHsdglkinXt/0SpTDJHrVnsLxUtOzwh/QwTsnhBJ43wJ6QcGMkyNzsSSY8XEB1Q5Q==",
        "dependencies": {
          "OpenTelemetry.Api": "1.18.0"
        }
      },
      "Polly.Core": {
        "type": "Transitive",
        "resolved": "8.4.2",
        "contentHash": "BpE2I6HBYYA5tF0Vn4eoQOGYTYIK1BlF5EXVgkWGn3mqUUjbXAr13J6fZVbp7Q3epRR8yshacBMlsHMhpOiV3g=="
      },
      "Polly.Extensions": {
        "type": "Transitive",
        "resolved": "8.4.2",
        "contentHash": "GZ9vRVmR0jV2JtZavt+pGUsQ1O1cuRKG7R7VOZI6ZDy9y6RNPvRvXK1tuS4ffUrv8L0FTea59oEuQzgS0R7zSA==",
        "dependencies": {
          "Polly.Core": "8.4.2"
        }
      },
      "Polly.RateLimiting": {
        "type": "Transitive",
        "resolved": "8.4.2",
        "contentHash": "ehTImQ/eUyO07VYW2WvwSmU9rRH200SKJ/3jku9rOkyWE0A2JxNFmAVms8dSn49QLSjmjFRRSgfNyOgr/2PSmA==",
        "dependencies": {
          "Polly.Core": "8.4.2"
        }
      },
      "honua.console.contracts": {
        "type": "Project",
        "dependencies": {
          "Honua.Sdk.Studio": "[1.6.0, )"
        }
      },
      "honua.console.shell": {
        "type": "Project",
        "dependencies": {
          "Honua.Console.Contracts": "[1.0.0, )",
          "Honua.Sdk.Studio": "[1.6.0, )",
          "Microsoft.AspNetCore.SignalR.Client": "[10.0.11, )"
        }
      }
    }
  }
}